# THIS IS AN AUTOGENERATED FILE. DO NOT EDIT THIS FILE DIRECTLY.
# yarn lockfile v1


"@xmpp/connection-tcp@^0.0.5":
  version "0.0.5"
  resolved "https://registry.yarnpkg.com/@xmpp/connection-tcp/-/connection-tcp-0.0.5.tgz#6e3ef99759690a62f57f69baf38e676e1fba3961"
  dependencies:
    "@xmpp/connection" "^0.0.5"
    "@xmpp/streamparser" "^0.0.5"
    "@xmpp/xml" "^0.1.2"

"@xmpp/connection@^0.0.5":
  version "0.0.5"
  resolved "https://registry.yarnpkg.com/@xmpp/connection/-/connection-0.0.5.tgz#324f5278b129ea53a1becb48fd7b8e84e9573f44"
  dependencies:
    "@xmpp/jid" "^0.0.1"
    "@xmpp/streamparser" "^0.0.5"

"@xmpp/jid@^0.0.1":
  version "0.0.1"
  resolved "https://registry.yarnpkg.com/@xmpp/jid/-/jid-0.0.1.tgz#c82c3cb6d7fd76637f2f97aec2e0c68942aab0a1"

"@xmpp/streamparser@^0.0.5":
  version "0.0.5"
  resolved "https://registry.yarnpkg.com/@xmpp/streamparser/-/streamparser-0.0.5.tgz#c67aa6c76c4dce0009b92462ad4f02b8b47cfb80"
  dependencies:
    "@xmpp/xml" "^0.1.2"
    inherits "^2.0.3"
    ltx "^2.5.0"

"@xmpp/time@^0.0.1":
  version "0.0.1"
  resolved "https://registry.yarnpkg.com/@xmpp/time/-/time-0.0.1.tgz#70819bc862d3623e18b87ea3dfeabd9744f99fef"

"@xmpp/xml@^0.1.2":
  version "0.1.2"
  resolved "https://registry.yarnpkg.com/@xmpp/xml/-/xml-0.1.2.tgz#d40e2d438486c9e6d1b3a4f92077518adfd71dee"
  dependencies:
    inherits "^2.0.3"
    ltx "^2.6.2"

bitwise-xor@0.0.0:
  version "0.0.0"
  resolved "https://registry.yarnpkg.com/bitwise-xor/-/bitwise-xor-0.0.0.tgz#040a8172b5bb8cc562b0b7119f230b2a1a780e3d"

cipher-base@^1.0.1:
  version "1.0.3"
  resolved "https://registry.yarnpkg.com/cipher-base/-/cipher-base-1.0.3.tgz#eeabf194419ce900da3018c207d212f2a6df0a07"
  dependencies:
    inherits "^2.0.1"

create-hash@^1.1.0:
  version "1.1.2"
  resolved "https://registry.yarnpkg.com/create-hash/-/create-hash-1.1.2.tgz#51210062d7bb7479f6c65bb41a92208b1d61abad"
  dependencies:
    cipher-base "^1.0.1"
    inherits "^2.0.1"
    ripemd160 "^1.0.0"
    sha.js "^2.3.6"

create-hmac@^1.1.3:
  version "1.1.4"
  resolved "https://registry.yarnpkg.com/create-hmac/-/create-hmac-1.1.4.tgz#d3fb4ba253eb8b3f56e39ea2fbcb8af747bd3170"
  dependencies:
    create-hash "^1.1.0"
    inherits "^2.0.1"

inherits@^2.0.1, inherits@^2.0.3:
  version "2.0.3"
  resolved "https://registry.yarnpkg.com/inherits/-/inherits-2.0.3.tgz#633c2c83e3da42a502f52466022480f4208261de"

ltx@^2.5.0, ltx@^2.6.2:
  version "2.6.2"
  resolved "https://registry.yarnpkg.com/ltx/-/ltx-2.6.2.tgz#703e4437d5e394d26c0314fd8fd5debed8e099d9"
  dependencies:
    inherits "^2.0.1"

randombytes@^2.0.1:
  version "2.0.3"
  resolved "https://registry.yarnpkg.com/randombytes/-/randombytes-2.0.3.tgz#674c99760901c3c4112771a31e521dc349cc09ec"

ripemd160@^1.0.0:
  version "1.0.1"
  resolved "https://registry.yarnpkg.com/ripemd160/-/ripemd160-1.0.1.tgz#93a4bbd4942bc574b69a8fa57c71de10ecca7d6e"

sasl-plain@^0.1.0:
  version "0.1.0"
  resolved "https://registry.yarnpkg.com/sasl-plain/-/sasl-plain-0.1.0.tgz#cf145e7c02222b64d60c0806d9cd2ae5380426cc"

sasl-scram-sha-1@^1.2.0:
  version "1.2.1"
  resolved "https://registry.yarnpkg.com/sasl-scram-sha-1/-/sasl-scram-sha-1-1.2.1.tgz#d88d51feaa0ff320d8eb1d6fc75657653f9dcd4b"
  dependencies:
    bitwise-xor "0.0.0"
    create-hash "^1.1.0"
    create-hmac "^1.1.3"
    randombytes "^2.0.1"

saslmechanisms@^0.1.1:
  version "0.1.1"
  resolved "https://registry.yarnpkg.com/saslmechanisms/-/saslmechanisms-0.1.1.tgz#478be1429500fcfaa780be88b3343ced7d2a9182"

sha.js@^2.3.6:
  version "2.4.8"
  resolved "https://registry.yarnpkg.com/sha.js/-/sha.js-2.4.8.tgz#37068c2c476b6baf402d14a49c67f597921f634f"
  dependencies:
    inherits "^2.0.1"

uws@^0.13.0:
  version "0.13.0"
  resolved "https://registry.yarnpkg.com/uws/-/uws-0.13.0.tgz#09fedbb9f9eb074de4feaec5b8b10b3ffdd4f707"
